{
  "name": "section-from-content",
  "version": "0.1.0",
  "lockfileVersion": 1,
  "requires": true,
  "dependencies": {
    "ghost-app": {
      "version": "0.0.2",
      "resolved": "https://registry.npmjs.org/ghost-app/-/ghost-app-0.0.2.tgz",
      "integrity": "sha1-tGgvybLytOGEHQ1nqBmWxjLnI7M=",
      "requires": {
        "lodash": "2.4.1",
        "when": "2.5.1"
      }
    },
    "lodash": {
      "version": "2.4.1",
      "resolved": "https://registry.npmjs.org/lodash/-/lodash-2.4.1.tgz",
      "integrity": "sha1-W3cjA03aTSYuWkb7LFjXzCL3FCA="
    },
    "marked": {
      "version": "0.3.6",
      "resolved": "https://registry.npmjs.org/marked/-/marked-0.3.6.tgz",
      "integrity": "sha1-ssbGGPzOzk74bE/Gy4p8v1rtqNc="
    },
    "when": {
      "version": "2.5.1",
      "resolved": "https://registry.npmjs.org/when/-/when-2.5.1.tgz",
      "integrity": "sha1-EQloUHXcCWQxCSh+Y2OuXXPqfVM="
    }
  }
}
